
Microsoft Visual Studio Solution File, Format Version 12.00
# Visual Studio Version 17
VisualStudioVersion = 17.14.37203.1 d17.14
MinimumVisualStudioVersion = 10.0.40219.1
Project("{FAE04EC0-301F-11D3-BF4B-00C04F79EFBC}") = "A6WebApp", "A6WebApp\A6WebApp.csproj", "{E4ADC6F1-D5F7-477E-9F96-283090BD1788}"
EndProject
Project("{FAE04EC0-301F-11D3-BF4B-00C04F79EFBC}") = "HashLib", "HashLib\HashLib.csproj", "{7150C963-DAA9-466A-80F0-04E0E9FAA341}"
EndProject
Global
	GlobalSection(SolutionConfigurationPlatforms) = preSolution
		Debug|Any CPU = Debug|Any CPU
		Release|Any CPU = Release|Any CPU
	EndGlobalSection
	GlobalSection(ProjectConfigurationPlatforms) = postSolution
		{E4ADC6F1-D5F7-477E-9F96-283090BD1788}.Debug|Any CPU.ActiveCfg = Debug|Any CPU
		{E4ADC6F1-D5F7-477E-9F96-283090BD1788}.Debug|Any CPU.Build.0 = Debug|Any CPU
		{E4ADC6F1-D5F7-477E-9F96-283090BD1788}.Release|Any CPU.ActiveCfg = Release|Any CPU
		{E4ADC6F1-D5F7-477E-9F96-283090BD1788}.Release|Any CPU.Build.0 = Release|Any CPU
		{7150C963-DAA9-466A-80F0-04E0E9FAA341}.Debug|Any CPU.ActiveCfg = Debug|Any CPU
		{7150C963-DAA9-466A-80F0-04E0E9FAA341}.Debug|Any CPU.Build.0 = Debug|Any CPU
		{7150C963-DAA9-466A-80F0-04E0E9FAA341}.Release|Any CPU.ActiveCfg = Release|Any CPU
		{7150C963-DAA9-466A-80F0-04E0E9FAA341}.Release|Any CPU.Build.0 = Release|Any CPU
	EndGlobalSection
	GlobalSection(SolutionProperties) = preSolution
		HideSolutionNode = FALSE
	EndGlobalSection
	GlobalSection(ExtensibilityGlobals) = postSolution
		SolutionGuid = {728B32CB-EC63-424C-AD00-670C6E009435}
	EndGlobalSection
EndGlobal
